// !$*UTF8*$!
{
	archiveVersion = 1;
	classes = {
	};
	objectVersion = 50;
	objects = {

/* Begin PBXBuildFile section */
		563F8B5B20B8328500E7F83B /* ItemPopoverViewController.swift in Sources */ = {isa = PBXBuildFile; fileRef = 563F8B5A20B8328500E7F83B /* ItemPopoverViewController.swift */; };
		5640743B20B6E54A00DBA73D /* ItemTableViewCell.swift in Sources */ = {isa = PBXBuildFile; fileRef = 5640743A20B6E54A00DBA73D /* ItemTableViewCell.swift */; };
		56417A1A20B440BC00637A58 /* ListTableViewCell.swift in Sources */ = {isa = PBXBuildFile; fileRef = 56417A1920B440BC00637A58 /* ListTableViewCell.swift */; };
		56417A1C20B44DD900637A58 /* ListTableViewController.swift in Sources */ = {isa = PBXBuildFile; fileRef = 56417A1B20B44DD900637A58 /* ListTableViewController.swift */; };
		56417A1E20B44E2800637A58 /* GroceryList.swift in Sources */ = {isa = PBXBuildFile; fileRef = 56417A1D20B44E2800637A58 /* GroceryList.swift */; };
		56417A3320B4992E00637A58 /* AddListViewController.swift in Sources */ = {isa = PBXBuildFile; fileRef = 56417A3220B4992E00637A58 /* AddListViewController.swift */; };
		56499E2B20BC186C009D2B30 /* GroceryItem.swift in Sources */ = {isa = PBXBuildFile; fileRef = 56499E2A20BC186C009D2B30 /* GroceryItem.swift */; };
		5688B46220BFFFB400F8D022 /* ItemSearchViewController.swift in Sources */ = {isa = PBXBuildFile; fileRef = 5688B46120BFFFB400F8D022 /* ItemSearchViewController.swift */; };
		56A07E4220B2F7F400B02DE2 /* AppDelegate.swift in Sources */ = {isa = PBXBuildFile; fileRef = 56A07E4120B2F7F400B02DE2 /* AppDelegate.swift */; };
		56A07E4420B2F7F400B02DE2 /* HomeViewController.swift in Sources */ = {isa = PBXBuildFile; fileRef = 56A07E4320B2F7F400B02DE2 /* HomeViewController.swift */; };
		56A07E4720B2F7F400B02DE2 /* Main.storyboard in Resources */ = {isa = PBXBuildFile; fileRef = 56A07E4520B2F7F400B02DE2 /* Main.storyboard */; };
		56A07E4920B2F7F500B02DE2 /* Assets.xcassets in Resources */ = {isa = PBXBuildFile; fileRef = 56A07E4820B2F7F500B02DE2 /* Assets.xcassets */; };
		56A07E4C20B2F7F500B02DE2 /* LaunchScreen.storyboard in Resources */ = {isa = PBXBuildFile; fileRef = 56A07E4A20B2F7F500B02DE2 /* LaunchScreen.storyboard */; };
		F41CB1C620B5367500C7D9F7 /* GroceryGameTest.swift in Sources */ = {isa = PBXBuildFile; fileRef = F41CB1C520B5367500C7D9F7 /* GroceryGameTest.swift */; };
		F4A422B220C02253003E59D4 /* exerciseGameController.swift in Sources */ = {isa = PBXBuildFile; fileRef = F4A422B120C02253003E59D4 /* exerciseGameController.swift */; };
		F4A422B620C02D79003E59D4 /* ProjectTextFile.txt in Resources */ = {isa = PBXBuildFile; fileRef = F4A422B520C02D79003E59D4 /* ProjectTextFile.txt */; };
		F4FEA73D20B81338009469D5 /* PlaystoryViewController.swift in Sources */ = {isa = PBXBuildFile; fileRef = F4FEA73C20B81338009469D5 /* PlaystoryViewController.swift */; };
		F4FEA73F20B8137B009469D5 /* playstory.storyboard in Resources */ = {isa = PBXBuildFile; fileRef = F4FEA73E20B8137B009469D5 /* playstory.storyboard */; };
/* End PBXBuildFile section */

/* Begin PBXContainerItemProxy section */
		56417A2D20B454F800637A58 /* PBXContainerItemProxy */ = {
			isa = PBXContainerItemProxy;
			containerPortal = 56A07E3620B2F7F300B02DE2 /* Project object */;
			proxyType = 1;
			remoteGlobalIDString = 56A07E3D20B2F7F300B02DE2;
			remoteInfo = GroceryGame;
		};
		F41CB1C820B5367500C7D9F7 /* PBXContainerItemProxy */ = {
			isa = PBXContainerItemProxy;
			containerPortal = 56A07E3620B2F7F300B02DE2 /* Project object */;
			proxyType = 1;
			remoteGlobalIDString = 56A07E3D20B2F7F300B02DE2;
			remoteInfo = GroceryGame;
		};
/* End PBXContainerItemProxy section */

/* Begin PBXFileReference section */
		563F8B5A20B8328500E7F83B /* ItemPopoverViewController.swift */ = {isa = PBXFileReference; lastKnownFileType = sourcecode.swift; path = ItemPopoverViewController.swift; sourceTree = "<group>"; };
		5640743A20B6E54A00DBA73D /* ItemTableViewCell.swift */ = {isa = PBXFileReference; lastKnownFileType = sourcecode.swift; path = ItemTableViewCell.swift; sourceTree = "<group>"; };
		56417A1920B440BC00637A58 /* ListTableViewCell.swift */ = {isa = PBXFileReference; lastKnownFileType = sourcecode.swift; path = ListTableViewCell.swift; sourceTree = "<group>"; };
		56417A1B20B44DD900637A58 /* ListTableViewController.swift */ = {isa = PBXFileReference; lastKnownFileType = sourcecode.swift; path = ListTableViewController.swift; sourceTree = "<group>"; };
		56417A1D20B44E2800637A58 /* GroceryList.swift */ = {isa = PBXFileReference; lastKnownFileType = sourcecode.swift; path = GroceryList.swift; sourceTree = "<group>"; };
		56417A2820B454F800637A58 /* GroceryGameTests.xctest */ = {isa = PBXFileReference; explicitFileType = wrapper.cfbundle; includeInIndex = 0; path = GroceryGameTests.xctest; sourceTree = BUILT_PRODUCTS_DIR; };
		56417A3220B4992E00637A58 /* AddListViewController.swift */ = {isa = PBXFileReference; lastKnownFileType = sourcecode.swift; path = AddListViewController.swift; sourceTree = "<group>"; };
		56499E2A20BC186C009D2B30 /* GroceryItem.swift */ = {isa = PBXFileReference; lastKnownFileType = sourcecode.swift; path = GroceryItem.swift; sourceTree = "<group>"; };
		5688B46120BFFFB400F8D022 /* ItemSearchViewController.swift */ = {isa = PBXFileReference; lastKnownFileType = sourcecode.swift; path = ItemSearchViewController.swift; sourceTree = "<group>"; };
		56A07E3E20B2F7F400B02DE2 /* GroceryGame.app */ = {isa = PBXFileReference; explicitFileType = wrapper.application; includeInIndex = 0; path = GroceryGame.app; sourceTree = BUILT_PRODUCTS_DIR; };
		56A07E4120B2F7F400B02DE2 /* AppDelegate.swift */ = {isa = PBXFileReference; lastKnownFileType = sourcecode.swift; path = AppDelegate.swift; sourceTree = "<group>"; };
		56A07E4320B2F7F400B02DE2 /* HomeViewController.swift */ = {isa = PBXFileReference; lastKnownFileType = sourcecode.swift; path = HomeViewController.swift; sourceTree = "<group>"; };
		56A07E4620B2F7F400B02DE2 /* Base */ = {isa = PBXFileReference; lastKnownFileType = file.storyboard; name = Base; path = Base.lproj/Main.storyboard; sourceTree = "<group>"; };
		56A07E4820B2F7F500B02DE2 /* Assets.xcassets */ = {isa = PBXFileReference; lastKnownFileType = folder.assetcatalog; path = Assets.xcassets; sourceTree = "<group>"; };
		56A07E4B20B2F7F500B02DE2 /* Base */ = {isa = PBXFileReference; lastKnownFileType = file.storyboard; name = Base; path = Base.lproj/LaunchScreen.storyboard; sourceTree = "<group>"; };
		56A07E4D20B2F7F500B02DE2 /* Info.plist */ = {isa = PBXFileReference; lastKnownFileType = text.plist.xml; path = Info.plist; sourceTree = "<group>"; };
		F41CB1C320B5367500C7D9F7 /* GroceryGameTest.xctest */ = {isa = PBXFileReference; explicitFileType = wrapper.cfbundle; includeInIndex = 0; path = GroceryGameTest.xctest; sourceTree = BUILT_PRODUCTS_DIR; };
		F41CB1C520B5367500C7D9F7 /* GroceryGameTest.swift */ = {isa = PBXFileReference; lastKnownFileType = sourcecode.swift; path = GroceryGameTest.swift; sourceTree = "<group>"; };
		F41CB1C720B5367500C7D9F7 /* Info.plist */ = {isa = PBXFileReference; lastKnownFileType = text.plist.xml; path = Info.plist; sourceTree = "<group>"; };
		F4A422B120C02253003E59D4 /* exerciseGameController.swift */ = {isa = PBXFileReference; lastKnownFileType = sourcecode.swift; path = exerciseGameController.swift; sourceTree = "<group>"; };
		F4A422B520C02D79003E59D4 /* ProjectTextFile.txt */ = {isa = PBXFileReference; fileEncoding = 4; lastKnownFileType = text; name = ProjectTextFile.txt; path = Assets.xcassets/ProjectTextFile.txt; sourceTree = "<group>"; };
		F4FEA73C20B81338009469D5 /* PlaystoryViewController.swift */ = {isa = PBXFileReference; fileEncoding = 4; lastKnownFileType = sourcecode.swift; path = PlaystoryViewController.swift; sourceTree = "<group>"; };
		F4FEA73E20B8137B009469D5 /* playstory.storyboard */ = {isa = PBXFileReference; fileEncoding = 4; lastKnownFileType = file.storyboard; path = playstory.storyboard; sourceTree = "<group>"; };
/* End PBXFileReference section */

/* Begin PBXFrameworksBuildPhase section */
		56417A2520B454F800637A58 /* Frameworks */ = {
			isa = PBXFrameworksBuildPhase;
			buildActionMask = 2147483647;
			files = (
			);
			runOnlyForDeploymentPostprocessing = 0;
		};
		56A07E3B20B2F7F300B02DE2 /* Frameworks */ = {
			isa = PBXFrameworksBuildPhase;
			buildActionMask = 2147483647;
			files = (
			);
			runOnlyForDeploymentPostprocessing = 0;
		};
		F41CB1C020B5367500C7D9F7 /* Frameworks */ = {
			isa = PBXFrameworksBuildPhase;
			buildActionMask = 2147483647;
			files = (
			);
			runOnlyForDeploymentPostprocessing = 0;
		};
/* End PBXFrameworksBuildPhase section */

/* Begin PBXGroup section */
		56A07E3520B2F7F300B02DE2 = {
			isa = PBXGroup;
			children = (
				56A07E4020B2F7F400B02DE2 /* GroceryGame */,
				F41CB1C420B5367500C7D9F7 /* GroceryGameTest */,
				56A07E3F20B2F7F400B02DE2 /* Products */,
			);
			sourceTree = "<group>";
		};
		56A07E3F20B2F7F400B02DE2 /* Products */ = {
			isa = PBXGroup;
			children = (
				56A07E3E20B2F7F400B02DE2 /* GroceryGame.app */,
				56417A2820B454F800637A58 /* GroceryGameTests.xctest */,
				F41CB1C320B5367500C7D9F7 /* GroceryGameTest.xctest */,
			);
			name = Products;
			sourceTree = "<group>";
		};
		56A07E4020B2F7F400B02DE2 /* GroceryGame */ = {
			isa = PBXGroup;
			children = (
				56A07E4120B2F7F400B02DE2 /* AppDelegate.swift */,
				56A07E4320B2F7F400B02DE2 /* HomeViewController.swift */,
				56417A3220B4992E00637A58 /* AddListViewController.swift */,
				563F8B5A20B8328500E7F83B /* ItemPopoverViewController.swift */,
				56417A1B20B44DD900637A58 /* ListTableViewController.swift */,
				F4FEA73C20B81338009469D5 /* PlaystoryViewController.swift */,
				5688B46120BFFFB400F8D022 /* ItemSearchViewController.swift */,
				F4A422B120C02253003E59D4 /* exerciseGameController.swift */,
				56417A1D20B44E2800637A58 /* GroceryList.swift */,
				56499E2A20BC186C009D2B30 /* GroceryItem.swift */,
				56417A1920B440BC00637A58 /* ListTableViewCell.swift */,
				5640743A20B6E54A00DBA73D /* ItemTableViewCell.swift */,
				56A07E4520B2F7F400B02DE2 /* Main.storyboard */,
				F4FEA73E20B8137B009469D5 /* playstory.storyboard */,
				56A07E4820B2F7F500B02DE2 /* Assets.xcassets */,
				56A07E4A20B2F7F500B02DE2 /* LaunchScreen.storyboard */,
				56A07E4D20B2F7F500B02DE2 /* Info.plist */,
				F4A422B520C02D79003E59D4 /* ProjectTextFile.txt */,
			);
			path = GroceryGame;
			sourceTree = "<group>";
		};
		F41CB1C420B5367500C7D9F7 /* GroceryGameTest */ = {
			isa = PBXGroup;
			children = (
				F41CB1C520B5367500C7D9F7 /* GroceryGameTest.swift */,
				F41CB1C720B5367500C7D9F7 /* Info.plist */,
			);
			path = GroceryGameTest;
			sourceTree = "<group>";
		};
/* End PBXGroup section */

/* Begin PBXNativeTarget section */
		56417A2720B454F800637A58 /* GroceryGameTests */ = {
			isa = PBXNativeTarget;
			buildConfigurationList = 56417A2F20B454F800637A58 /* Build configuration list for PBXNativeTarget "GroceryGameTests" */;
			buildPhases = (
				56417A2420B454F800637A58 /* Sources */,
				56417A2520B454F800637A58 /* Frameworks */,
				56417A2620B454F800637A58 /* Resources */,
			);
			buildRules = (
			);
			dependencies = (
				56417A2E20B454F800637A58 /* PBXTargetDependency */,
			);
			name = GroceryGameTests;
			productName = GroceryGameTests;
			productReference = 56417A2820B454F800637A58 /* GroceryGameTests.xctest */;
			productType = "com.apple.product-type.bundle.unit-test";
		};
		56A07E3D20B2F7F300B02DE2 /* GroceryGame */ = {
			isa = PBXNativeTarget;
			buildConfigurationList = 56A07E5020B2F7F500B02DE2 /* Build configuration list for PBXNativeTarget "GroceryGame" */;
			buildPhases = (
				56A07E3A20B2F7F300B02DE2 /* Sources */,
				56A07E3B20B2F7F300B02DE2 /* Frameworks */,
				56A07E3C20B2F7F300B02DE2 /* Resources */,
			);
			buildRules = (
			);
			dependencies = (
			);
			name = GroceryGame;
			productName = GroceryGame;
			productReference = 56A07E3E20B2F7F400B02DE2 /* GroceryGame.app */;
			productType = "com.apple.product-type.application";
		};
		F41CB1C220B5367500C7D9F7 /* GroceryGameTest */ = {
			isa = PBXNativeTarget;
			buildConfigurationList = F41CB1CA20B5367500C7D9F7 /* Build configuration list for PBXNativeTarget "GroceryGameTest" */;
			buildPhases = (
				F41CB1BF20B5367500C7D9F7 /* Sources */,
				F41CB1C020B5367500C7D9F7 /* Frameworks */,
				F41CB1C120B5367500C7D9F7 /* Resources */,
			);
			buildRules = (
			);
			dependencies = (
				F41CB1C920B5367500C7D9F7 /* PBXTargetDependency */,
			);
			name = GroceryGameTest;
			productName = GroceryGameTest;
			productReference = F41CB1C320B5367500C7D9F7 /* GroceryGameTest.xctest */;
			productType = "com.apple.product-type.bundle.unit-test";
		};
/* End PBXNativeTarget section */

/* Begin PBXProject section */
		56A07E3620B2F7F300B02DE2 /* Project object */ = {
			isa = PBXProject;
			attributes = {
				LastSwiftUpdateCheck = 0930;
				LastUpgradeCheck = 0930;
				ORGANIZATIONNAME = none;
				TargetAttributes = {
					56417A2720B454F800637A58 = {
						CreatedOnToolsVersion = 9.3.1;
						LastSwiftMigration = 0930;
						TestTargetID = 56A07E3D20B2F7F300B02DE2;
					};
					56A07E3D20B2F7F300B02DE2 = {
						CreatedOnToolsVersion = 9.3.1;
					};
					F41CB1C220B5367500C7D9F7 = {
						CreatedOnToolsVersion = 9.3.1;
						TestTargetID = 56A07E3D20B2F7F300B02DE2;
					};
				};
			};
			buildConfigurationList = 56A07E3920B2F7F300B02DE2 /* Build configuration list for PBXProject "GroceryGame" */;
			compatibilityVersion = "Xcode 9.3";
			developmentRegion = en;
			hasScannedForEncodings = 0;
			knownRegions = (
				en,
				Base,
			);
			mainGroup = 56A07E3520B2F7F300B02DE2;
			productRefGroup = 56A07E3F20B2F7F400B02DE2 /* Products */;
			projectDirPath = "";
			projectRoot = "";
			targets = (
				56A07E3D20B2F7F300B02DE2 /* GroceryGame */,
				56417A2720B454F800637A58 /* GroceryGameTests */,
				F41CB1C220B5367500C7D9F7 /* GroceryGameTest */,
			);
		};
/* End PBXProject section */

/* Begin PBXResourcesBuildPhase section */
		56417A2620B454F800637A58 /* Resources */ = {
			isa = PBXResourcesBuildPhase;
			buildActionMask = 2147483647;
			files = (
			);
			runOnlyForDeploymentPostprocessing = 0;
		};
		56A07E3C20B2F7F300B02DE2 /* Resources */ = {
			isa = PBXResourcesBuildPhase;
			buildActionMask = 2147483647;
			files = (
				56A07E4C20B2F7F500B02DE2 /* LaunchScreen.storyboard in Resources */,
				F4A422B620C02D79003E59D4 /* ProjectTextFile.txt in Resources */,
				56A07E4920B2F7F500B02DE2 /* Assets.xcassets in Resources */,
				F4FEA73F20B8137B009469D5 /* playstory.storyboard in Resources */,
				56A07E4720B2F7F400B02DE2 /* Main.storyboard in Resources */,
			);
			runOnlyForDeploymentPostprocessing = 0;
		};
		F41CB1C120B5367500C7D9F7 /* Resources */ = {
			isa = PBXResourcesBuildPhase;
			buildActionMask = 2147483647;
			files = (
			);
			runOnlyForDeploymentPostprocessing = 0;
		};
/* End PBXResourcesBuildPhase section */

/* Begin PBXSourcesBuildPhase section */
		56417A2420B454F800637A58 /* Sources */ = {
			isa = PBXSourcesBuildPhase;
			buildActionMask = 2147483647;
			files = (
			);
			runOnlyForDeploymentPostprocessing = 0;
		};
		56A07E3A20B2F7F300B02DE2 /* Sources */ = {
			isa = PBXSourcesBuildPhase;
			buildActionMask = 2147483647;
			files = (
				56417A3320B4992E00637A58 /* AddListViewController.swift in Sources */,
				56A07E4420B2F7F400B02DE2 /* HomeViewController.swift in Sources */,
				5688B46220BFFFB400F8D022 /* ItemSearchViewController.swift in Sources */,
				56A07E4220B2F7F400B02DE2 /* AppDelegate.swift in Sources */,
				563F8B5B20B8328500E7F83B /* ItemPopoverViewController.swift in Sources */,
				F4A422B220C02253003E59D4 /* exerciseGameController.swift in Sources */,
				56417A1E20B44E2800637A58 /* GroceryList.swift in Sources */,
				56417A1A20B440BC00637A58 /* ListTableViewCell.swift in Sources */,
				5640743B20B6E54A00DBA73D /* ItemTableViewCell.swift in Sources */,
				F4FEA73D20B81338009469D5 /* PlaystoryViewController.swift in Sources */,
				56499E2B20BC186C009D2B30 /* GroceryItem.swift in Sources */,
				56417A1C20B44DD900637A58 /* ListTableViewController.swift in Sources */,
			);
			runOnlyForDeploymentPostprocessing = 0;
		};
		F41CB1BF20B5367500C7D9F7 /* Sources */ = {
			isa = PBXSourcesBuildPhase;
			buildActionMask = 2147483647;
			files = (
				F41CB1C620B5367500C7D9F7 /* GroceryGameTest.swift in Sources */,
			);
			runOnlyForDeploymentPostprocessing = 0;
		};
/* End PBXSourcesBuildPhase section */

/* Begin PBXTargetDependency section */
		56417A2E20B454F800637A58 /* PBXTargetDependency */ = {
			isa = PBXTargetDependency;
			target = 56A07E3D20B2F7F300B02DE2 /* GroceryGame */;
			targetProxy = 56417A2D20B454F800637A58 /* PBXContainerItemProxy */;
		};
		F41CB1C920B5367500C7D9F7 /* PBXTargetDependency */ = {
			isa = PBXTargetDependency;
			target = 56A07E3D20B2F7F300B02DE2 /* GroceryGame */;
			targetProxy = F41CB1C820B5367500C7D9F7 /* PBXContainerItemProxy */;
		};
/* End PBXTargetDependency section */

/* Begin PBXVariantGroup section */
		56A07E4520B2F7F400B02DE2 /* Main.storyboard */ = {
			isa = PBXVariantGroup;
			children = (
				56A07E4620B2F7F400B02DE2 /* Base */,
			);
			name = Main.storyboard;
			sourceTree = "<group>";
		};
		56A07E4A20B2F7F500B02DE2 /* LaunchScreen.storyboard */ = {
			isa = PBXVariantGroup;
			children = (
				56A07E4B20B2F7F500B02DE2 /* Base */,
			);
			name = LaunchScreen.storyboard;
			sourceTree = "<group>";
		};
/* End PBXVariantGroup section */

/* Begin XCBuildConfiguration section */
		56417A3020B454F800637A58 /* Debug */ = {
			isa = XCBuildConfiguration;
			buildSettings = {
				BUNDLE_LOADER = "$(TEST_HOST)";
				CLANG_ENABLE_MODULES = YES;
				CODE_SIGN_STYLE = Automatic;
				INFOPLIST_FILE = GroceryGameTests/Info.plist;
				LD_RUNPATH_SEARCH_PATHS = (
					"$(inherited)",
					"@executable_path/Frameworks",
					"@loader_path/Frameworks",
				);
				PRODUCT_BUNDLE_IDENTIFIER = com.none.GroceryGameTests;
				PRODUCT_NAME = "$(TARGET_NAME)";
				SWIFT_OPTIMIZATION_LEVEL = "-Onone";
				SWIFT_VERSION = 4.0;
				TARGETED_DEVICE_FAMILY = "1,2";
				TEST_HOST = "$(BUILT_PRODUCTS_DIR)/GroceryGame.app/GroceryGame";
			};
			name = Debug;
		};
		56417A3120B454F800637A58 /* Release */ = {
			isa = XCBuildConfiguration;
			buildSettings = {
				BUNDLE_LOADER = "$(TEST_HOST)";
				CLANG_ENABLE_MODULES = YES;
				CODE_SIGN_STYLE = Automatic;
				INFOPLIST_FILE = GroceryGameTests/Info.plist;
				LD_RUNPATH_SEARCH_PATHS = (
					"$(inherited)",
					"@executable_path/Frameworks",
					"@loader_path/Frameworks",
				);
				PRODUCT_BUNDLE_IDENTIFIER = com.none.GroceryGameTests;
				PRODUCT_NAME = "$(TARGET_NAME)";
				SWIFT_VERSION = 4.0;
				TARGETED_DEVICE_FAMILY = "1,2";
				TEST_HOST = "$(BUILT_PRODUCTS_DIR)/GroceryGame.app/GroceryGame";
			};
			name = Release;
		};
		56A07E4E20B2F7F500B02DE2 /* Debug */ = {
			isa = XCBuildConfiguration;
			buildSettings = {
				ALWAYS_SEARCH_USER_PATHS = NO;
				CLANG_ANALYZER_NONNULL = YES;
				CLANG_ANALYZER_NUMBER_OBJECT_CONVERSION = YES_AGGRESSIVE;
				CLANG_CXX_LANGUAGE_STANDARD = "gnu++14";
				CLANG_CXX_LIBRARY = "libc++";
				CLANG_ENABLE_MODULES = YES;
				CLANG_ENABLE_OBJC_ARC = YES;
				CLANG_ENABLE_OBJC_WEAK = YES;
				CLANG_WARN_BLOCK_CAPTURE_AUTORELEASING = YES;
				CLANG_WARN_BOOL_CONVERSION = YES;
				CLANG_WARN_COMMA = YES;
				CLANG_WARN_CONSTANT_CONVERSION = YES;
				CLANG_WARN_DEPRECATED_OBJC_IMPLEMENTATIONS = YES;
				CLANG_WARN_DIRECT_OBJC_ISA_USAGE = YES_ERROR;
				CLANG_WARN_DOCUMENTATION_COMMENTS = YES;
				CLANG_WARN_EMPTY_BODY = YES;
				CLANG_WARN_ENUM_CONVERSION = YES;
				CLANG_WARN_INFINITE_RECURSION = YES;
				CLANG_WARN_INT_CONVERSION = YES;
				CLANG_WARN_NON_LITERAL_NULL_CONVERSION = YES;
				CLANG_WARN_OBJC_IMPLICIT_RETAIN_SELF = YES;
				CLANG_WARN_OBJC_LITERAL_CONVERSION = YES;
				CLANG_WARN_OBJC_ROOT_CLASS = YES_ERROR;
				CLANG_WARN_RANGE_LOOP_ANALYSIS = YES;
				CLANG_WARN_STRICT_PROTOTYPES = YES;
				CLANG_WARN_SUSPICIOUS_MOVE = YES;
				CLANG_WARN_UNGUARDED_AVAILABILITY = YES_AGGRESSIVE;
				CLANG_WARN_UNREACHABLE_CODE = YES;
				CLANG_WARN__DUPLICATE_METHOD_MATCH = YES;
				CODE_SIGN_IDENTITY = "iPhone Developer";
				COPY_PHASE_STRIP = NO;
				DEBUG_INFORMATION_FORMAT = dwarf;
				ENABLE_STRICT_OBJC_MSGSEND = YES;
				ENABLE_TESTABILITY = YES;
				GCC_C_LANGUAGE_STANDARD = gnu11;
				GCC_DYNAMIC_NO_PIC = NO;
				GCC_NO_COMMON_BLOCKS = YES;
				GCC_OPTIMIZATION_LEVEL = 0;
				GCC_PREPROCESSOR_DEFINITIONS = (
					"DEBUG=1",
					"$(inherited)",
				);
				GCC_WARN_64_TO_32_BIT_CONVERSION = YES;
				GCC_WARN_ABOUT_RETURN_TYPE = YES_ERROR;
				GCC_WARN_UNDECLARED_SELECTOR = YES;
				GCC_WARN_UNINITIALIZED_AUTOS = YES_AGGRESSIVE;
				GCC_WARN_UNUSED_FUNCTION = YES;
				GCC_WARN_UNUSED_VARIABLE = YES;
				IPHONEOS_DEPLOYMENT_TARGET = 11.3;
				MTL_ENABLE_DEBUG_INFO = YES;
				ONLY_ACTIVE_ARCH = YES;
				SDKROOT = iphoneos;
				SWIFT_ACTIVE_COMPILATION_CONDITIONS = DEBUG;
				SWIFT_OPTIMIZATION_LEVEL = "-Onone";
			};
			name = Debug;
		};
		56A07E4F20B2F7F500B02DE2 /* Release */ = {
			isa = XCBuildConfiguration;
			buildSettings = {
				ALWAYS_SEARCH_USER_PATHS = NO;
				CLANG_ANALYZER_NONNULL = YES;
				CLANG_ANALYZER_NUMBER_OBJECT_CONVERSION = YES_AGGRESSIVE;
				CLANG_CXX_LANGUAGE_STANDARD = "gnu++14";
				CLANG_CXX_LIBRARY = "libc++";
				CLANG_ENABLE_MODULES = YES;
				CLANG_ENABLE_OBJC_ARC = YES;
				CLANG_ENABLE_OBJC_WEAK = YES;
				CLANG_WARN_BLOCK_CAPTURE_AUTORELEASING = YES;
				CLANG_WARN_BOOL_CONVERSION = YES;
				CLANG_WARN_COMMA = YES;
				CLANG_WARN_CONSTANT_CONVERSION = YES;
				CLANG_WARN_DEPRECATED_OBJC_IMPLEMENTATIONS = YES;
				CLANG_WARN_DIRECT_OBJC_ISA_USAGE = YES_ERROR;
				CLANG_WARN_DOCUMENTATION_COMMENTS = YES;
				CLANG_WARN_EMPTY_BODY = YES;
				CLANG_WARN_ENUM_CONVERSION = YES;
				CLANG_WARN_INFINITE_RECURSION = YES;
				CLANG_WARN_INT_CONVERSION = YES;
				CLANG_WARN_NON_LITERAL_NULL_CONVERSION = YES;
				CLANG_WARN_OBJC_IMPLICIT_RETAIN_SELF = YES;
				CLANG_WARN_OBJC_LITERAL_CONVERSION = YES;
				CLANG_WARN_OBJC_ROOT_CLASS = YES_ERROR;
				CLANG_WARN_RANGE_LOOP_ANALYSIS = YES;
				CLANG_WARN_STRICT_PROTOTYPES = YES;
				CLANG_WARN_SUSPICIOUS_MOVE = YES;
				CLANG_WARN_UNGUARDED_AVAILABILITY = YES_AGGRESSIVE;
				CLANG_WARN_UNREACHABLE_CODE = YES;
				CLANG_WARN__DUPLICATE_METHOD_MATCH = YES;
				CODE_SIGN_IDENTITY = "iPhone Developer";
				COPY_PHASE_STRIP = NO;
				DEBUG_INFORMATION_FORMAT = "dwarf-with-dsym";
				ENABLE_NS_ASSERTIONS = NO;
				ENABLE_STRICT_OBJC_MSGSEND = YES;
				GCC_C_LANGUAGE_STANDARD = gnu11;
				GCC_NO_COMMON_BLOCKS = YES;
				GCC_WARN_64_TO_32_BIT_CONVERSION = YES;
				GCC_WARN_ABOUT_RETURN_TYPE = YES_ERROR;
				GCC_WARN_UNDECLARED_SELECTOR = YES;
				GCC_WARN_UNINITIALIZED_AUTOS = YES_AGGRESSIVE;
				GCC_WARN_UNUSED_FUNCTION = YES;
				GCC_WARN_UNUSED_VARIABLE = YES;
				IPHONEOS_DEPLOYMENT_TARGET = 11.3;
				MTL_ENABLE_DEBUG_INFO = NO;
				SDKROOT = iphoneos;
				SWIFT_COMPILATION_MODE = wholemodule;
				SWIFT_OPTIMIZATION_LEVEL = "-O";
				VALIDATE_PRODUCT = YES;
			};
			name = Release;
		};
		56A07E5120B2F7F500B02DE2 /* Debug */ = {
			isa = XCBuildConfiguration;
			buildSettings = {
				ASSETCATALOG_COMPILER_APPICON_NAME = AppIcon;
				CODE_SIGN_STYLE = Automatic;
				INFOPLIST_FILE = GroceryGame/Info.plist;
				LD_RUNPATH_SEARCH_PATHS = (
					"$(inherited)",
					"@executable_path/Frameworks",
				);
				PRODUCT_BUNDLE_IDENTIFIER = com.none.GroceryGame;
				PRODUCT_NAME = "$(TARGET_NAME)";
				SWIFT_VERSION = 4.0;
				TARGETED_DEVICE_FAMILY = "1,2";
			};
			name = Debug;
		};
		56A07E5220B2F7F500B02DE2 /* Release */ = {
			isa = XCBuildConfiguration;
			buildSettings = {
				ASSETCATALOG_COMPILER_APPICON_NAME = AppIcon;
				CODE_SIGN_STYLE = Automatic;
				INFOPLIST_FILE = GroceryGame/Info.plist;
				LD_RUNPATH_SEARCH_PATHS = (
					"$(inherited)",
					"@executable_path/Frameworks",
				);
				PRODUCT_BUNDLE_IDENTIFIER = com.none.GroceryGame;
				PRODUCT_NAME = "$(TARGET_NAME)";
				SWIFT_VERSION = 4.0;
				TARGETED_DEVICE_FAMILY = "1,2";
			};
			name = Release;
		};
		F41CB1CB20B5367500C7D9F7 /* Debug */ = {
			isa = XCBuildConfiguration;
			buildSettings = {
				BUNDLE_LOADER = "$(TEST_HOST)";
				CODE_SIGN_STYLE = Automatic;
				INFOPLIST_FILE = GroceryGameTest/Info.plist;
				LD_RUNPATH_SEARCH_PATHS = (
					"$(inherited)",
					"@executable_path/Frameworks",
					"@loader_path/Frameworks",
				);
				PRODUCT_BUNDLE_IDENTIFIER = com.ahely.GroceryGameTest;
				PRODUCT_NAME = "$(TARGET_NAME)";
				SWIFT_VERSION = 4.0;
				TARGETED_DEVICE_FAMILY = "1,2";
				TEST_HOST = "$(BUILT_PRODUCTS_DIR)/GroceryGame.app/GroceryGame";
			};
			name = Debug;
		};
		F41CB1CC20B5367500C7D9F7 /* Release */ = {
			isa = XCBuildConfiguration;
			buildSettings = {
				BUNDLE_LOADER = "$(TEST_HOST)";
				CODE_SIGN_STYLE = Automatic;
				INFOPLIST_FILE = GroceryGameTest/Info.plist;
				LD_RUNPATH_SEARCH_PATHS = (
					"$(inherited)",
					"@executable_path/Frameworks",
					"@loader_path/Frameworks",
				);
				PRODUCT_BUNDLE_IDENTIFIER = com.ahely.GroceryGameTest;
				PRODUCT_NAME = "$(TARGET_NAME)";
				SWIFT_VERSION = 4.0;
				TARGETED_DEVICE_FAMILY = "1,2";
				TEST_HOST = "$(BUILT_PRODUCTS_DIR)/GroceryGame.app/GroceryGame";
			};
			name = Release;
		};
/* End XCBuildConfiguration section */

/* Begin XCConfigurationList section */
		56417A2F20B454F800637A58 /* Build configuration list for PBXNativeTarget "GroceryGameTests" */ = {
			isa = XCConfigurationList;
			buildConfigurations = (
				56417A3020B454F800637A58 /* Debug */,
				56417A3120B454F800637A58 /* Release */,
			);
			defaultConfigurationIsVisible = 0;
			defaultConfigurationName = Release;
		};
		56A07E3920B2F7F300B02DE2 /* Build configuration list for PBXProject "GroceryGame" */ = {
			isa = XCConfigurationList;
			buildConfigurations = (
				56A07E4E20B2F7F500B02DE2 /* Debug */,
				56A07E4F20B2F7F500B02DE2 /* Release */,
			);
			defaultConfigurationIsVisible = 0;
			defaultConfigurationName = Release;
		};
		56A07E5020B2F7F500B02DE2 /* Build configuration list for PBXNativeTarget "GroceryGame" */ = {
			isa = XCConfigurationList;
			buildConfigurations = (
				56A07E5120B2F7F500B02DE2 /* Debug */,
				56A07E5220B2F7F500B02DE2 /* Release */,
			);
			defaultConfigurationIsVisible = 0;
			defaultConfigurationName = Release;
		};
		F41CB1CA20B5367500C7D9F7 /* Build configuration list for PBXNativeTarget "GroceryGameTest" */ = {
			isa = XCConfigurationList;
			buildConfigurations = (
				F41CB1CB20B5367500C7D9F7 /* Debug */,
				F41CB1CC20B5367500C7D9F7 /* Release */,
			);
			defaultConfigurationIsVisible = 0;
			defaultConfigurationName = Release;
		};
/* End XCConfigurationList section */
	};
	rootObject = 56A07E3620B2F7F300B02DE2 /* Project object */;
}
